// !$*UTF8*$!
{
	archiveVersion = 1;
	classes = {
	};
	objectVersion = 46;
	objects = {

/* Begin PBXBuildFile section */
		5199C0AF1B27F5D300BAA7F2 /* AppDelegate.swift in Sources */ = {isa = PBXBuildFile; fileRef = 5199C0AE1B27F5D300BAA7F2 /* AppDelegate.swift */; };
		5199C0B41B27F5D300BAA7F2 /* Main.storyboard in Resources */ = {isa = PBXBuildFile; fileRef = 5199C0B21B27F5D300BAA7F2 /* Main.storyboard */; };
		5199C0B61B27F5D300BAA7F2 /* Images.xcassets in Resources */ = {isa = PBXBuildFile; fileRef = 5199C0B51B27F5D300BAA7F2 /* Images.xcassets */; };
		5199C0B91B27F5D300BAA7F2 /* LaunchScreen.xib in Resources */ = {isa = PBXBuildFile; fileRef = 5199C0B71B27F5D300BAA7F2 /* LaunchScreen.xib */; };
		5199C0C51B27F5D300BAA7F2 /* BrnchTests.swift in Sources */ = {isa = PBXBuildFile; fileRef = 5199C0C41B27F5D300BAA7F2 /* BrnchTests.swift */; };
		EFE3D15C1B2E7E1F006F3E71 /* AddLocationViewController.swift in Sources */ = {isa = PBXBuildFile; fileRef = EFE3D15B1B2E7E1F006F3E71 /* AddLocationViewController.swift */; };
		EFE3D15F1B2E8114006F3E71 /* AddLocationTableViewCell.swift in Sources */ = {isa = PBXBuildFile; fileRef = EFE3D15E1B2E8114006F3E71 /* AddLocationTableViewCell.swift */; };
		EFE3D1611B2E8411006F3E71 /* Common.swift in Sources */ = {isa = PBXBuildFile; fileRef = EFE3D1601B2E8411006F3E71 /* Common.swift */; };
/* End PBXBuildFile section */

/* Begin PBXContainerItemProxy section */
		5199C0BF1B27F5D300BAA7F2 /* PBXContainerItemProxy */ = {
			isa = PBXContainerItemProxy;
			containerPortal = 5199C0A11B27F5D300BAA7F2 /* Project object */;
			proxyType = 1;
			remoteGlobalIDString = 5199C0A81B27F5D300BAA7F2;
			remoteInfo = Brnch;
		};
/* End PBXContainerItemProxy section */

/* Begin PBXFileReference section */
		5199C0A91B27F5D300BAA7F2 /* Brnch.app */ = {isa = PBXFileReference; explicitFileType = wrapper.application; includeInIndex = 0; path = Brnch.app; sourceTree = BUILT_PRODUCTS_DIR; };
		5199C0AD1B27F5D300BAA7F2 /* Info.plist */ = {isa = PBXFileReference; lastKnownFileType = text.plist.xml; path = Info.plist; sourceTree = "<group>"; };
		5199C0AE1B27F5D300BAA7F2 /* AppDelegate.swift */ = {isa = PBXFileReference; lastKnownFileType = sourcecode.swift; path = AppDelegate.swift; sourceTree = "<group>"; };
		5199C0B31B27F5D300BAA7F2 /* Base */ = {isa = PBXFileReference; lastKnownFileType = file.storyboard; name = Base; path = Base.lproj/Main.storyboard; sourceTree = "<group>"; };
		5199C0B51B27F5D300BAA7F2 /* Images.xcassets */ = {isa = PBXFileReference; lastKnownFileType = folder.assetcatalog; path = Images.xcassets; sourceTree = "<group>"; };
		5199C0B81B27F5D300BAA7F2 /* Base */ = {isa = PBXFileReference; lastKnownFileType = file.xib; name = Base; path = Base.lproj/LaunchScreen.xib; sourceTree = "<group>"; };
		5199C0BE1B27F5D300BAA7F2 /* BrnchTests.xctest */ = {isa = PBXFileReference; explicitFileType = wrapper.cfbundle; includeInIndex = 0; path = BrnchTests.xctest; sourceTree = BUILT_PRODUCTS_DIR; };
		5199C0C31B27F5D300BAA7F2 /* Info.plist */ = {isa = PBXFileReference; lastKnownFileType = text.plist.xml; path = Info.plist; sourceTree = "<group>"; };
		5199C0C41B27F5D300BAA7F2 /* BrnchTests.swift */ = {isa = PBXFileReference; lastKnownFileType = sourcecode.swift; path = BrnchTests.swift; sourceTree = "<group>"; };
		EFE3D15B1B2E7E1F006F3E71 /* AddLocationViewController.swift */ = {isa = PBXFileReference; fileEncoding = 4; lastKnownFileType = sourcecode.swift; path = AddLocationViewController.swift; sourceTree = "<group>"; };
		EFE3D15E1B2E8114006F3E71 /* AddLocationTableViewCell.swift */ = {isa = PBXFileReference; fileEncoding = 4; lastKnownFileType = sourcecode.swift; path = AddLocationTableViewCell.swift; sourceTree = "<group>"; };
		EFE3D1601B2E8411006F3E71 /* Common.swift */ = {isa = PBXFileReference; fileEncoding = 4; lastKnownFileType = sourcecode.swift; path = Common.swift; sourceTree = "<group>"; };
/* End PBXFileReference section */

/* Begin PBXFrameworksBuildPhase section */
		5199C0A61B27F5D300BAA7F2 /* Frameworks */ = {
			isa = PBXFrameworksBuildPhase;
			buildActionMask = 2147483647;
			files = (
			);
			runOnlyForDeploymentPostprocessing = 0;
		};
		5199C0BB1B27F5D300BAA7F2 /* Frameworks */ = {
			isa = PBXFrameworksBuildPhase;
			buildActionMask = 2147483647;
			files = (
			);
			runOnlyForDeploymentPostprocessing = 0;
		};
/* End PBXFrameworksBuildPhase section */

/* Begin PBXGroup section */
		5199C0A01B27F5D300BAA7F2 = {
			isa = PBXGroup;
			children = (
				5199C0AB1B27F5D300BAA7F2 /* Brnch */,
				5199C0C11B27F5D300BAA7F2 /* BrnchTests */,
				5199C0AA1B27F5D300BAA7F2 /* Products */,
			);
			sourceTree = "<group>";
		};
		5199C0AA1B27F5D300BAA7F2 /* Products */ = {
			isa = PBXGroup;
			children = (
				5199C0A91B27F5D300BAA7F2 /* Brnch.app */,
				5199C0BE1B27F5D300BAA7F2 /* BrnchTests.xctest */,
			);
			name = Products;
			sourceTree = "<group>";
		};
		5199C0AB1B27F5D300BAA7F2 /* Brnch */ = {
			isa = PBXGroup;
			children = (
				EFE3D15D1B2E80E5006F3E71 /* Table View Cells */,
				EFE3D15A1B2E7E03006F3E71 /* View Controllers */,
				5199C0AE1B27F5D300BAA7F2 /* AppDelegate.swift */,
				5199C0B21B27F5D300BAA7F2 /* Main.storyboard */,
				EFE3D1601B2E8411006F3E71 /* Common.swift */,
				5199C0B51B27F5D300BAA7F2 /* Images.xcassets */,
				5199C0B71B27F5D300BAA7F2 /* LaunchScreen.xib */,
				5199C0AC1B27F5D300BAA7F2 /* Supporting Files */,
			);
			path = Brnch;
			sourceTree = "<group>";
		};
		5199C0AC1B27F5D300BAA7F2 /* Supporting Files */ = {
			isa = PBXGroup;
			children = (
				5199C0AD1B27F5D300BAA7F2 /* Info.plist */,
			);
			name = "Supporting Files";
			sourceTree = "<group>";
		};
		5199C0C11B27F5D300BAA7F2 /* BrnchTests */ = {
			isa = PBXGroup;
			children = (
				5199C0C41B27F5D300BAA7F2 /* BrnchTests.swift */,
				5199C0C21B27F5D300BAA7F2 /* Supporting Files */,
			);
			path = BrnchTests;
			sourceTree = "<group>";
		};
		5199C0C21B27F5D300BAA7F2 /* Supporting Files */ = {
			isa = PBXGroup;
			children = (
				5199C0C31B27F5D300BAA7F2 /* Info.plist */,
			);
			name = "Supporting Files";
			sourceTree = "<group>";
		};
		EFE3D15A1B2E7E03006F3E71 /* View Controllers */ = {
			isa = PBXGroup;
			children = (
				EFE3D15B1B2E7E1F006F3E71 /* AddLocationViewController.swift */,
			);
			name = "View Controllers";
			sourceTree = "<group>";
		};
		EFE3D15D1B2E80E5006F3E71 /* Table View Cells */ = {
			isa = PBXGroup;
			children = (
				EFE3D15E1B2E8114006F3E71 /* AddLocationTableViewCell.swift */,
			);
			name = "Table View Cells";
			sourceTree = "<group>";
		};
/* End PBXGroup section */

/* Begin PBXNativeTarget section */
		5199C0A81B27F5D300BAA7F2 /* Brnch */ = {
			isa = PBXNativeTarget;
			buildConfigurationList = 5199C0C81B27F5D300BAA7F2 /* Build configuration list for PBXNativeTarget "Brnch" */;
			buildPhases = (
				5199C0A51B27F5D300BAA7F2 /* Sources */,
				5199C0A61B27F5D300BAA7F2 /* Frameworks */,
				5199C0A71B27F5D300BAA7F2 /* Resources */,
			);
			buildRules = (
			);
			dependencies = (
			);
			name = Brnch;
			productName = Brnch;
			productReference = 5199C0A91B27F5D300BAA7F2 /* Brnch.app */;
			productType = "com.apple.product-type.application";
		};
		5199C0BD1B27F5D300BAA7F2 /* BrnchTests */ = {
			isa = PBXNativeTarget;
			buildConfigurationList = 5199C0CB1B27F5D300BAA7F2 /* Build configuration list for PBXNativeTarget "BrnchTests" */;
			buildPhases = (
				5199C0BA1B27F5D300BAA7F2 /* Sources */,
				5199C0BB1B27F5D300BAA7F2 /* Frameworks */,
				5199C0BC1B27F5D300BAA7F2 /* Resources */,
			);
			buildRules = (
			);
			dependencies = (
				5199C0C01B27F5D300BAA7F2 /* PBXTargetDependency */,
			);
			name = BrnchTests;
			productName = BrnchTests;
			productReference = 5199C0BE1B27F5D300BAA7F2 /* BrnchTests.xctest */;
			productType = "com.apple.product-type.bundle.unit-test";
		};
/* End PBXNativeTarget section */

/* Begin PBXProject section */
		5199C0A11B27F5D300BAA7F2 /* Project object */ = {
			isa = PBXProject;
			attributes = {
				LastUpgradeCheck = 0630;
				ORGANIZATIONNAME = Brnch;
				TargetAttributes = {
					5199C0A81B27F5D300BAA7F2 = {
						CreatedOnToolsVersion = 6.3.2;
					};
					5199C0BD1B27F5D300BAA7F2 = {
						CreatedOnToolsVersion = 6.3.2;
						TestTargetID = 5199C0A81B27F5D300BAA7F2;
					};
				};
			};
			buildConfigurationList = 5199C0A41B27F5D300BAA7F2 /* Build configuration list for PBXProject "Brnch" */;
			compatibilityVersion = "Xcode 3.2";
			developmentRegion = English;
			hasScannedForEncodings = 0;
			knownRegions = (
				en,
				Base,
			);
			mainGroup = 5199C0A01B27F5D300BAA7F2;
			productRefGroup = 5199C0AA1B27F5D300BAA7F2 /* Products */;
			projectDirPath = "";
			projectRoot = "";
			targets = (
				5199C0A81B27F5D300BAA7F2 /* Brnch */,
				5199C0BD1B27F5D300BAA7F2 /* BrnchTests */,
			);
		};
/* End PBXProject section */

/* Begin PBXResourcesBuildPhase section */
		5199C0A71B27F5D300BAA7F2 /* Resources */ = {
			isa = PBXResourcesBuildPhase;
			buildActionMask = 2147483647;
			files = (
				5199C0B41B27F5D300BAA7F2 /* Main.storyboard in Resources */,
				5199C0B91B27F5D300BAA7F2 /* LaunchScreen.xib in Resources */,
				5199C0B61B27F5D300BAA7F2 /* Images.xcassets in Resources */,
			);
			runOnlyForDeploymentPostprocessing = 0;
		};
		5199C0BC1B27F5D300BAA7F2 /* Resources */ = {
			isa = PBXResourcesBuildPhase;
			buildActionMask = 2147483647;
			files = (
			);
			runOnlyForDeploymentPostprocessing = 0;
		};
/* End PBXResourcesBuildPhase section */

/* Begin PBXSourcesBuildPhase section */
		5199C0A51B27F5D300BAA7F2 /* Sources */ = {
			isa = PBXSourcesBuildPhase;
			buildActionMask = 2147483647;
			files = (
				EFE3D1611B2E8411006F3E71 /* Common.swift in Sources */,
				EFE3D15F1B2E8114006F3E71 /* AddLocationTableViewCell.swift in Sources */,
				5199C0AF1B27F5D300BAA7F2 /* AppDelegate.swift in Sources */,
				EFE3D15C1B2E7E1F006F3E71 /* AddLocationViewController.swift in Sources */,
			);
			runOnlyForDeploymentPostprocessing = 0;
		};
		5199C0BA1B27F5D300BAA7F2 /* Sources */ = {
			isa = PBXSourcesBuildPhase;
			buildActionMask = 2147483647;
			files = (
				5199C0C51B27F5D300BAA7F2 /* BrnchTests.swift in Sources */,
			);
			runOnlyForDeploymentPostprocessing = 0;
		};
/* End PBXSourcesBuildPhase section */

/* Begin PBXTargetDependency section */
		5199C0C01B27F5D300BAA7F2 /* PBXTargetDependency */ = {
			isa = PBXTargetDependency;
			target = 5199C0A81B27F5D300BAA7F2 /* Brnch */;
			targetProxy = 5199C0BF1B27F5D300BAA7F2 /* PBXContainerItemProxy */;
		};
/* End PBXTargetDependency section */

/* Begin PBXVariantGroup section */
		5199C0B21B27F5D300BAA7F2 /* Main.storyboard */ = {
			isa = PBXVariantGroup;
			children = (
				5199C0B31B27F5D300BAA7F2 /* Base */,
			);
			name = Main.storyboard;
			sourceTree = "<group>";
		};
		5199C0B71B27F5D300BAA7F2 /* LaunchScreen.xib */ = {
			isa = PBXVariantGroup;
			children = (
				5199C0B81B27F5D300BAA7F2 /* Base */,
			);
			name = LaunchScreen.xib;
			sourceTree = "<group>";
		};
/* End PBXVariantGroup section */

/* Begin XCBuildConfiguration section */
		5199C0C61B27F5D300BAA7F2 /* Debug */ = {
			isa = XCBuildConfiguration;
			buildSettings = {
				ALWAYS_SEARCH_USER_PATHS = NO;
				CLANG_CXX_LANGUAGE_STANDARD = "gnu++0x";
				CLANG_CXX_LIBRARY = "libc++";
				CLANG_ENABLE_MODULES = YES;
				CLANG_ENABLE_OBJC_ARC = YES;
				CLANG_WARN_BOOL_CONVERSION = YES;
				CLANG_WARN_CONSTANT_CONVERSION = YES;
				CLANG_WARN_DIRECT_OBJC_ISA_USAGE = YES_ERROR;
				CLANG_WARN_EMPTY_BODY = YES;
				CLANG_WARN_ENUM_CONVERSION = YES;
				CLANG_WARN_INT_CONVERSION = YES;
				CLANG_WARN_OBJC_ROOT_CLASS = YES_ERROR;
				CLANG_WARN_UNREACHABLE_CODE = YES;
				CLANG_WARN__DUPLICATE_METHOD_MATCH = YES;
				"CODE_SIGN_IDENTITY[sdk=iphoneos*]" = "iPhone Developer";
				COPY_PHASE_STRIP = NO;
				DEBUG_INFORMATION_FORMAT = "dwarf-with-dsym";
				ENABLE_STRICT_OBJC_MSGSEND = YES;
				GCC_C_LANGUAGE_STANDARD = gnu99;
				GCC_DYNAMIC_NO_PIC = NO;
				GCC_NO_COMMON_BLOCKS = YES;
				GCC_OPTIMIZATION_LEVEL = 0;
				GCC_PREPROCESSOR_DEFINITIONS = (
					"DEBUG=1",
					"$(inherited)",
				);
				GCC_SYMBOLS_PRIVATE_EXTERN = NO;
				GCC_WARN_64_TO_32_BIT_CONVERSION = YES;
				GCC_WARN_ABOUT_RETURN_TYPE = YES_ERROR;
				GCC_WARN_UNDECLARED_SELECTOR = YES;
				GCC_WARN_UNINITIALIZED_AUTOS = YES_AGGRESSIVE;
				GCC_WARN_UNUSED_FUNCTION = YES;
				GCC_WARN_UNUSED_VARIABLE = YES;
				IPHONEOS_DEPLOYMENT_TARGET = 8.3;
				MTL_ENABLE_DEBUG_INFO = YES;
				ONLY_ACTIVE_ARCH = YES;
				SDKROOT = iphoneos;
				SWIFT_OPTIMIZATION_LEVEL = "-Onone";
			};
			name = Debug;
		};
		5199C0C71B27F5D300BAA7F2 /* Release */ = {
			isa = XCBuildConfiguration;
			buildSettings = {
				ALWAYS_SEARCH_USER_PATHS = NO;
				CLANG_CXX_LANGUAGE_STANDARD = "gnu++0x";
				CLANG_CXX_LIBRARY = "libc++";
				CLANG_ENABLE_MODULES = YES;
				CLANG_ENABLE_OBJC_ARC = YES;
				CLANG_WARN_BOOL_CONVERSION = YES;
				CLANG_WARN_CONSTANT_CONVERSION = YES;
				CLANG_WARN_DIRECT_OBJC_ISA_USAGE = YES_ERROR;
				CLANG_WARN_EMPTY_BODY = YES;
				CLANG_WARN_ENUM_CONVERSION = YES;
				CLANG_WARN_INT_CONVERSION = YES;
				CLANG_WARN_OBJC_ROOT_CLASS = YES_ERROR;
				CLANG_WARN_UNREACHABLE_CODE = YES;
				CLANG_WARN__DUPLICATE_METHOD_MATCH = YES;
				"CODE_SIGN_IDENTITY[sdk=iphoneos*]" = "iPhone Developer";
				COPY_PHASE_STRIP = NO;
				DEBUG_INFORMATION_FORMAT = "dwarf-with-dsym";
				ENABLE_NS_ASSERTIONS = NO;
				ENABLE_STRICT_OBJC_MSGSEND = YES;
				GCC_C_LANGUAGE_STANDARD = gnu99;
				GCC_NO_COMMON_BLOCKS = YES;
				GCC_WARN_64_TO_32_BIT_CONVERSION = YES;
				GCC_WARN_ABOUT_RETURN_TYPE = YES_ERROR;
				GCC_WARN_UNDECLARED_SELECTOR = YES;
				GCC_WARN_UNINITIALIZED_AUTOS = YES_AGGRESSIVE;
				GCC_WARN_UNUSED_FUNCTION = YES;
				GCC_WARN_UNUSED_VARIABLE = YES;
				IPHONEOS_DEPLOYMENT_TARGET = 8.3;
				MTL_ENABLE_DEBUG_INFO = NO;
				SDKROOT = iphoneos;
				VALIDATE_PRODUCT = YES;
			};
			name = Release;
		};
		5199C0C91B27F5D300BAA7F2 /* Debug */ = {
			isa = XCBuildConfiguration;
			buildSettings = {
				ASSETCATALOG_COMPILER_APPICON_NAME = AppIcon;
				INFOPLIST_FILE = Brnch/Info.plist;
				LD_RUNPATH_SEARCH_PATHS = "$(inherited) @executable_path/Frameworks";
				PRODUCT_NAME = "$(TARGET_NAME)";
			};
			name = Debug;
		};
		5199C0CA1B27F5D300BAA7F2 /* Release */ = {
			isa = XCBuildConfiguration;
			buildSettings = {
				ASSETCATALOG_COMPILER_APPICON_NAME = AppIcon;
				INFOPLIST_FILE = Brnch/Info.plist;
				LD_RUNPATH_SEARCH_PATHS = "$(inherited) @executable_path/Frameworks";
				PRODUCT_NAME = "$(TARGET_NAME)";
			};
			name = Release;
		};
		5199C0CC1B27F5D300BAA7F2 /* Debug */ = {
			isa = XCBuildConfiguration;
			buildSettings = {
				BUNDLE_LOADER = "$(TEST_HOST)";
				FRAMEWORK_SEARCH_PATHS = (
					"$(SDKROOT)/Developer/Library/Frameworks",
					"$(inherited)",
				);
				GCC_PREPROCESSOR_DEFINITIONS = (
					"DEBUG=1",
					"$(inherited)",
				);
				INFOPLIST_FILE = BrnchTests/Info.plist;
				LD_RUNPATH_SEARCH_PATHS = "$(inherited) @executable_path/Frameworks @loader_path/Frameworks";
				PRODUCT_NAME = "$(TARGET_NAME)";
				TEST_HOST = "$(BUILT_PRODUCTS_DIR)/Brnch.app/Brnch";
			};
			name = Debug;
		};
		5199C0CD1B27F5D300BAA7F2 /* Release */ = {
			isa = XCBuildConfiguration;
			buildSettings = {
				BUNDLE_LOADER = "$(TEST_HOST)";
				FRAMEWORK_SEARCH_PATHS = (
					"$(SDKROOT)/Developer/Library/Frameworks",
					"$(inherited)",
				);
				INFOPLIST_FILE = BrnchTests/Info.plist;
				LD_RUNPATH_SEARCH_PATHS = "$(inherited) @executable_path/Frameworks @loader_path/Frameworks";
				PRODUCT_NAME = "$(TARGET_NAME)";
				TEST_HOST = "$(BUILT_PRODUCTS_DIR)/Brnch.app/Brnch";
			};
			name = Release;
		};
/* End XCBuildConfiguration section */

/* Begin XCConfigurationList section */
		5199C0A41B27F5D300BAA7F2 /* Build configuration list for PBXProject "Brnch" */ = {
			isa = XCConfigurationList;
			buildConfigurations = (
				5199C0C61B27F5D300BAA7F2 /* Debug */,
				5199C0C71B27F5D300BAA7F2 /* Release */,
			);
			defaultConfigurationIsVisible = 0;
			defaultConfigurationName = Release;
		};
		5199C0C81B27F5D300BAA7F2 /* Build configuration list for PBXNativeTarget "Brnch" */ = {
			isa = XCConfigurationList;
			buildConfigurations = (
				5199C0C91B27F5D300BAA7F2 /* Debug */,
				5199C0CA1B27F5D300BAA7F2 /* Release */,
			);
			defaultConfigurationIsVisible = 0;
			defaultConfigurationName = Release;
		};
		5199C0CB1B27F5D300BAA7F2 /* Build configuration list for PBXNativeTarget "BrnchTests" */ = {
			isa = XCConfigurationList;
			buildConfigurations = (
				5199C0CC1B27F5D300BAA7F2 /* Debug */,
				5199C0CD1B27F5D300BAA7F2 /* Release */,
			);
			defaultConfigurationIsVisible = 0;
			defaultConfigurationName = Release;
		};
/* End XCConfigurationList section */
	};
	rootObject = 5199C0A11B27F5D300BAA7F2 /* Project object */;
}
